// !$*UTF8*$!
{
	archiveVersion = 1;
	classes = {
	};
	objectVersion = 46;
	objects = {

/* Begin PBXBuildFile section */
		1FE767C0E231B958B9DFB610 /* libPods-BLEHelper.a in Frameworks */ = {isa = PBXBuildFile; fileRef = 0954867BA7ED2FCC85C06820 /* libPods-BLEHelper.a */; };
		7B88EEAF1E025AC200CE0A66 /* main.m in Sources */ = {isa = PBXBuildFile; fileRef = 7B88EEAE1E025AC200CE0A66 /* main.m */; };
		7B88EEB21E025AC200CE0A66 /* AppDelegate.m in Sources */ = {isa = PBXBuildFile; fileRef = 7B88EEB11E025AC200CE0A66 /* AppDelegate.m */; };
		7B88EEB51E025AC200CE0A66 /* ViewController.m in Sources */ = {isa = PBXBuildFile; fileRef = 7B88EEB41E025AC200CE0A66 /* ViewController.m */; };
		7B88EEB81E025AC200CE0A66 /* Main.storyboard in Resources */ = {isa = PBXBuildFile; fileRef = 7B88EEB61E025AC200CE0A66 /* Main.storyboard */; };
		7B88EEBA1E025AC200CE0A66 /* Assets.xcassets in Resources */ = {isa = PBXBuildFile; fileRef = 7B88EEB91E025AC200CE0A66 /* Assets.xcassets */; };
		7B88EEBD1E025AC200CE0A66 /* LaunchScreen.storyboard in Resources */ = {isa = PBXBuildFile; fileRef = 7B88EEBB1E025AC200CE0A66 /* LaunchScreen.storyboard */; };
		7B88EEC81E025AC200CE0A66 /* BLEHelperTests.m in Sources */ = {isa = PBXBuildFile; fileRef = 7B88EEC71E025AC200CE0A66 /* BLEHelperTests.m */; };
		7B88EED31E025AC200CE0A66 /* BLEHelperUITests.m in Sources */ = {isa = PBXBuildFile; fileRef = 7B88EED21E025AC200CE0A66 /* BLEHelperUITests.m */; };
		D079CF8F21CA9D7700EFA91C /* DLMBlueTooth.m in Sources */ = {isa = PBXBuildFile; fileRef = D079CF8921CA9D7700EFA91C /* DLMBlueTooth.m */; };
		D079CF9021CA9D7700EFA91C /* Tools.m in Sources */ = {isa = PBXBuildFile; fileRef = D079CF8A21CA9D7700EFA91C /* Tools.m */; };
		D079CF9121CA9D7700EFA91C /* BlueToothManager.m in Sources */ = {isa = PBXBuildFile; fileRef = D079CF8C21CA9D7700EFA91C /* BlueToothManager.m */; };
/* End PBXBuildFile section */

/* Begin PBXContainerItemProxy section */
		7B88EEC41E025AC200CE0A66 /* PBXContainerItemProxy */ = {
			isa = PBXContainerItemProxy;
			containerPortal = 7B88EEA21E025AC200CE0A66 /* Project object */;
			proxyType = 1;
			remoteGlobalIDString = 7B88EEA91E025AC200CE0A66;
			remoteInfo = BLEHelper;
		};
		7B88EECF1E025AC200CE0A66 /* PBXContainerItemProxy */ = {
			isa = PBXContainerItemProxy;
			containerPortal = 7B88EEA21E025AC200CE0A66 /* Project object */;
			proxyType = 1;
			remoteGlobalIDString = 7B88EEA91E025AC200CE0A66;
			remoteInfo = BLEHelper;
		};
/* End PBXContainerItemProxy section */

/* Begin PBXFileReference section */
		0954867BA7ED2FCC85C06820 /* libPods-BLEHelper.a */ = {isa = PBXFileReference; explicitFileType = archive.ar; includeInIndex = 0; path = "libPods-BLEHelper.a"; sourceTree = BUILT_PRODUCTS_DIR; };
		7B88EEAA1E025AC200CE0A66 /* BLEHelper.app */ = {isa = PBXFileReference; explicitFileType = wrapper.application; includeInIndex = 0; path = BLEHelper.app; sourceTree = BUILT_PRODUCTS_DIR; };
		7B88EEAE1E025AC200CE0A66 /* main.m */ = {isa = PBXFileReference; lastKnownFileType = sourcecode.c.objc; path = main.m; sourceTree = "<group>"; };
		7B88EEB01E025AC200CE0A66 /* AppDelegate.h */ = {isa = PBXFileReference; lastKnownFileType = sourcecode.c.h; path = AppDelegate.h; sourceTree = "<group>"; };
		7B88EEB11E025AC200CE0A66 /* AppDelegate.m */ = {isa = PBXFileReference; lastKnownFileType = sourcecode.c.objc; path = AppDelegate.m; sourceTree = "<group>"; };
		7B88EEB31E025AC200CE0A66 /* ViewController.h */ = {isa = PBXFileReference; lastKnownFileType = sourcecode.c.h; path = ViewController.h; sourceTree = "<group>"; };
		7B88EEB41E025AC200CE0A66 /* ViewController.m */ = {isa = PBXFileReference; lastKnownFileType = sourcecode.c.objc; path = ViewController.m; sourceTree = "<group>"; };
		7B88EEB71E025AC200CE0A66 /* Base */ = {isa = PBXFileReference; lastKnownFileType = file.storyboard; name = Base; path = Base.lproj/Main.storyboard; sourceTree = "<group>"; };
		7B88EEB91E025AC200CE0A66 /* Assets.xcassets */ = {isa = PBXFileReference; lastKnownFileType = folder.assetcatalog; path = Assets.xcassets; sourceTree = "<group>"; };
		7B88EEBC1E025AC200CE0A66 /* Base */ = {isa = PBXFileReference; lastKnownFileType = file.storyboard; name = Base; path = Base.lproj/LaunchScreen.storyboard; sourceTree = "<group>"; };
		7B88EEBE1E025AC200CE0A66 /* Info.plist */ = {isa = PBXFileReference; lastKnownFileType = text.plist.xml; path = Info.plist; sourceTree = "<group>"; };
		7B88EEC31E025AC200CE0A66 /* BLEHelperTests.xctest */ = {isa = PBXFileReference; explicitFileType = wrapper.cfbundle; includeInIndex = 0; path = BLEHelperTests.xctest; sourceTree = BUILT_PRODUCTS_DIR; };
		7B88EEC71E025AC200CE0A66 /* BLEHelperTests.m */ = {isa = PBXFileReference; lastKnownFileType = sourcecode.c.objc; path = BLEHelperTests.m; sourceTree = "<group>"; };
		7B88EEC91E025AC200CE0A66 /* Info.plist */ = {isa = PBXFileReference; lastKnownFileType = text.plist.xml; path = Info.plist; sourceTree = "<group>"; };
		7B88EECE1E025AC200CE0A66 /* BLEHelperUITests.xctest */ = {isa = PBXFileReference; explicitFileType = wrapper.cfbundle; includeInIndex = 0; path = BLEHelperUITests.xctest; sourceTree = BUILT_PRODUCTS_DIR; };
		7B88EED21E025AC200CE0A66 /* BLEHelperUITests.m */ = {isa = PBXFileReference; lastKnownFileType = sourcecode.c.objc; path = BLEHelperUITests.m; sourceTree = "<group>"; };
		7B88EED41E025AC200CE0A66 /* Info.plist */ = {isa = PBXFileReference; lastKnownFileType = text.plist.xml; path = Info.plist; sourceTree = "<group>"; };
		854356D6425B6CA188C9811D /* Pods-BLEHelper.release.xcconfig */ = {isa = PBXFileReference; includeInIndex = 1; lastKnownFileType = text.xcconfig; name = "Pods-BLEHelper.release.xcconfig"; path = "Pods/Target Support Files/Pods-BLEHelper/Pods-BLEHelper.release.xcconfig"; sourceTree = "<group>"; };
		87BFB1ECB72D04FE7FC67709 /* Pods-BLEHelper.debug.xcconfig */ = {isa = PBXFileReference; includeInIndex = 1; lastKnownFileType = text.xcconfig; name = "Pods-BLEHelper.debug.xcconfig"; path = "Pods/Target Support Files/Pods-BLEHelper/Pods-BLEHelper.debug.xcconfig"; sourceTree = "<group>"; };
		D079CF8921CA9D7700EFA91C /* DLMBlueTooth.m */ = {isa = PBXFileReference; fileEncoding = 4; lastKnownFileType = sourcecode.c.objc; path = DLMBlueTooth.m; sourceTree = "<group>"; };
		D079CF8A21CA9D7700EFA91C /* Tools.m */ = {isa = PBXFileReference; fileEncoding = 4; lastKnownFileType = sourcecode.c.objc; path = Tools.m; sourceTree = "<group>"; };
		D079CF8B21CA9D7700EFA91C /* Tools.h */ = {isa = PBXFileReference; fileEncoding = 4; lastKnownFileType = sourcecode.c.h; path = Tools.h; sourceTree = "<group>"; };
		D079CF8C21CA9D7700EFA91C /* BlueToothManager.m */ = {isa = PBXFileReference; fileEncoding = 4; lastKnownFileType = sourcecode.c.objc; path = BlueToothManager.m; sourceTree = "<group>"; };
		D079CF8D21CA9D7700EFA91C /* BlueToothManager.h */ = {isa = PBXFileReference; fileEncoding = 4; lastKnownFileType = sourcecode.c.h; path = BlueToothManager.h; sourceTree = "<group>"; };
		D079CF8E21CA9D7700EFA91C /* DLMBlueTooth.h */ = {isa = PBXFileReference; fileEncoding = 4; lastKnownFileType = sourcecode.c.h; path = DLMBlueTooth.h; sourceTree = "<group>"; };
/* End PBXFileReference section */

/* Begin PBXFrameworksBuildPhase section */
		7B88EEA71E025AC200CE0A66 /* Frameworks */ = {
			isa = PBXFrameworksBuildPhase;
			buildActionMask = 2147483647;
			files = (
				1FE767C0E231B958B9DFB610 /* libPods-BLEHelper.a in Frameworks */,
			);
			runOnlyForDeploymentPostprocessing = 0;
		};
		7B88EEC01E025AC200CE0A66 /* Frameworks */ = {
			isa = PBXFrameworksBuildPhase;
			buildActionMask = 2147483647;
			files = (
			);
			runOnlyForDeploymentPostprocessing = 0;
		};
		7B88EECB1E025AC200CE0A66 /* Frameworks */ = {
			isa = PBXFrameworksBuildPhase;
			buildActionMask = 2147483647;
			files = (
			);
			runOnlyForDeploymentPostprocessing = 0;
		};
/* End PBXFrameworksBuildPhase section */

/* Begin PBXGroup section */
		2445509960E99425634C01C4 /* Frameworks */ = {
			isa = PBXGroup;
			children = (
				0954867BA7ED2FCC85C06820 /* libPods-BLEHelper.a */,
			);
			name = Frameworks;
			sourceTree = "<group>";
		};
		7B88EEA11E025AC200CE0A66 = {
			isa = PBXGroup;
			children = (
				7B88EEAC1E025AC200CE0A66 /* BLEHelper */,
				7B88EEC61E025AC200CE0A66 /* BLEHelperTests */,
				7B88EED11E025AC200CE0A66 /* BLEHelperUITests */,
				7B88EEAB1E025AC200CE0A66 /* Products */,
				9A55677B777C5E37B50BE4B5 /* Pods */,
				2445509960E99425634C01C4 /* Frameworks */,
			);
			sourceTree = "<group>";
		};
		7B88EEAB1E025AC200CE0A66 /* Products */ = {
			isa = PBXGroup;
			children = (
				7B88EEAA1E025AC200CE0A66 /* BLEHelper.app */,
				7B88EEC31E025AC200CE0A66 /* BLEHelperTests.xctest */,
				7B88EECE1E025AC200CE0A66 /* BLEHelperUITests.xctest */,
			);
			name = Products;
			sourceTree = "<group>";
		};
		7B88EEAC1E025AC200CE0A66 /* BLEHelper */ = {
			isa = PBXGroup;
			children = (
				7B88EEB01E025AC200CE0A66 /* AppDelegate.h */,
				7B88EEB11E025AC200CE0A66 /* AppDelegate.m */,
				7B88EEB31E025AC200CE0A66 /* ViewController.h */,
				7B88EEB41E025AC200CE0A66 /* ViewController.m */,
				D079CF7F21CA9D3B00EFA91C /* DLBLEManager */,
				7B88EEB61E025AC200CE0A66 /* Main.storyboard */,
				7B88EEB91E025AC200CE0A66 /* Assets.xcassets */,
				7B88EEBB1E025AC200CE0A66 /* LaunchScreen.storyboard */,
				7B88EEBE1E025AC200CE0A66 /* Info.plist */,
				7B88EEAD1E025AC200CE0A66 /* Supporting Files */,
			);
			path = BLEHelper;
			sourceTree = "<group>";
		};
		7B88EEAD1E025AC200CE0A66 /* Supporting Files */ = {
			isa = PBXGroup;
			children = (
				7B88EEAE1E025AC200CE0A66 /* main.m */,
			);
			name = "Supporting Files";
			sourceTree = "<group>";
		};
		7B88EEC61E025AC200CE0A66 /* BLEHelperTests */ = {
			isa = PBXGroup;
			children = (
				7B88EEC71E025AC200CE0A66 /* BLEHelperTests.m */,
				7B88EEC91E025AC200CE0A66 /* Info.plist */,
			);
			path = BLEHelperTests;
			sourceTree = "<group>";
		};
		7B88EED11E025AC200CE0A66 /* BLEHelperUITests */ = {
			isa = PBXGroup;
			children = (
				7B88EED21E025AC200CE0A66 /* BLEHelperUITests.m */,
				7B88EED41E025AC200CE0A66 /* Info.plist */,
			);
			path = BLEHelperUITests;
			sourceTree = "<group>";
		};
		9A55677B777C5E37B50BE4B5 /* Pods */ = {
			isa = PBXGroup;
			children = (
				87BFB1ECB72D04FE7FC67709 /* Pods-BLEHelper.debug.xcconfig */,
				854356D6425B6CA188C9811D /* Pods-BLEHelper.release.xcconfig */,
			);
			name = Pods;
			sourceTree = "<group>";
		};
		D079CF7F21CA9D3B00EFA91C /* DLBLEManager */ = {
			isa = PBXGroup;
			children = (
				D079CF8D21CA9D7700EFA91C /* BlueToothManager.h */,
				D079CF8C21CA9D7700EFA91C /* BlueToothManager.m */,
				D079CF8E21CA9D7700EFA91C /* DLMBlueTooth.h */,
				D079CF8921CA9D7700EFA91C /* DLMBlueTooth.m */,
				D079CF8B21CA9D7700EFA91C /* Tools.h */,
				D079CF8A21CA9D7700EFA91C /* Tools.m */,
			);
			path = DLBLEManager;
			sourceTree = "<group>";
		};
/* End PBXGroup section */

/* Begin PBXNativeTarget section */
		7B88EEA91E025AC200CE0A66 /* BLEHelper */ = {
			isa = PBXNativeTarget;
			buildConfigurationList = 7B88EED71E025AC200CE0A66 /* Build configuration list for PBXNativeTarget "BLEHelper" */;
			buildPhases = (
				28EBB8C08FE1BF73FEA56A0E /* [CP] Check Pods Manifest.lock */,
				7B88EEA61E025AC200CE0A66 /* Sources */,
				7B88EEA71E025AC200CE0A66 /* Frameworks */,
				7B88EEA81E025AC200CE0A66 /* Resources */,
			);
			buildRules = (
			);
			dependencies = (
			);
			name = BLEHelper;
			productName = BLEHelper;
			productReference = 7B88EEAA1E025AC200CE0A66 /* BLEHelper.app */;
			productType = "com.apple.product-type.application";
		};
		7B88EEC21E025AC200CE0A66 /* BLEHelperTests */ = {
			isa = PBXNativeTarget;
			buildConfigurationList = 7B88EEDA1E025AC200CE0A66 /* Build configuration list for PBXNativeTarget "BLEHelperTests" */;
			buildPhases = (
				7B88EEBF1E025AC200CE0A66 /* Sources */,
				7B88EEC01E025AC200CE0A66 /* Frameworks */,
				7B88EEC11E025AC200CE0A66 /* Resources */,
			);
			buildRules = (
			);
			dependencies = (
				7B88EEC51E025AC200CE0A66 /* PBXTargetDependency */,
			);
			name = BLEHelperTests;
			productName = BLEHelperTests;
			productReference = 7B88EEC31E025AC200CE0A66 /* BLEHelperTests.xctest */;
			productType = "com.apple.product-type.bundle.unit-test";
		};
		7B88EECD1E025AC200CE0A66 /* BLEHelperUITests */ = {
			isa = PBXNativeTarget;
			buildConfigurationList = 7B88EEDD1E025AC200CE0A66 /* Build configuration list for PBXNativeTarget "BLEHelperUITests" */;
			buildPhases = (
				7B88EECA1E025AC200CE0A66 /* Sources */,
				7B88EECB1E025AC200CE0A66 /* Frameworks */,
				7B88EECC1E025AC200CE0A66 /* Resources */,
			);
			buildRules = (
			);
			dependencies = (
				7B88EED01E025AC200CE0A66 /* PBXTargetDependency */,
			);
			name = BLEHelperUITests;
			productName = BLEHelperUITests;
			productReference = 7B88EECE1E025AC200CE0A66 /* BLEHelperUITests.xctest */;
			productType = "com.apple.product-type.bundle.ui-testing";
		};
/* End PBXNativeTarget section */

/* Begin PBXProject section */
		7B88EEA21E025AC200CE0A66 /* Project object */ = {
			isa = PBXProject;
			attributes = {
				LastUpgradeCheck = 0810;
				ORGANIZATIONNAME = DeLin.Meng;
				TargetAttributes = {
					7B88EEA91E025AC200CE0A66 = {
						CreatedOnToolsVersion = 8.1;
						DevelopmentTeam = L8MRL9B64V;
						ProvisioningStyle = Automatic;
					};
					7B88EEC21E025AC200CE0A66 = {
						CreatedOnToolsVersion = 8.1;
						DevelopmentTeam = R5VZ6445Z8;
						ProvisioningStyle = Automatic;
						TestTargetID = 7B88EEA91E025AC200CE0A66;
					};
					7B88EECD1E025AC200CE0A66 = {
						CreatedOnToolsVersion = 8.1;
						DevelopmentTeam = R5VZ6445Z8;
						ProvisioningStyle = Automatic;
						TestTargetID = 7B88EEA91E025AC200CE0A66;
					};
				};
			};
			buildConfigurationList = 7B88EEA51E025AC200CE0A66 /* Build configuration list for PBXProject "BLEHelper" */;
			compatibilityVersion = "Xcode 3.2";
			developmentRegion = English;
			hasScannedForEncodings = 0;
			knownRegions = (
				en,
				Base,
			);
			mainGroup = 7B88EEA11E025AC200CE0A66;
			productRefGroup = 7B88EEAB1E025AC200CE0A66 /* Products */;
			projectDirPath = "";
			projectRoot = "";
			targets = (
				7B88EEA91E025AC200CE0A66 /* BLEHelper */,
				7B88EEC21E025AC200CE0A66 /* BLEHelperTests */,
				7B88EECD1E025AC200CE0A66 /* BLEHelperUITests */,
			);
		};
/* End PBXProject section */

/* Begin PBXResourcesBuildPhase section */
		7B88EEA81E025AC200CE0A66 /* Resources */ = {
			isa = PBXResourcesBuildPhase;
			buildActionMask = 2147483647;
			files = (
				7B88EEBD1E025AC200CE0A66 /* LaunchScreen.storyboard in Resources */,
				7B88EEBA1E025AC200CE0A66 /* Assets.xcassets in Resources */,
				7B88EEB81E025AC200CE0A66 /* Main.storyboard in Resources */,
			);
			runOnlyForDeploymentPostprocessing = 0;
		};
		7B88EEC11E025AC200CE0A66 /* Resources */ = {
			isa = PBXResourcesBuildPhase;
			buildActionMask = 2147483647;
			files = (
			);
			runOnlyForDeploymentPostprocessing = 0;
		};
		7B88EECC1E025AC200CE0A66 /* Resources */ = {
			isa = PBXResourcesBuildPhase;
			buildActionMask = 2147483647;
			files = (
			);
			runOnlyForDeploymentPostprocessing = 0;
		};
/* End PBXResourcesBuildPhase section */

/* Begin PBXShellScriptBuildPhase section */
		28EBB8C08FE1BF73FEA56A0E /* [CP] Check Pods Manifest.lock */ = {
			isa = PBXShellScriptBuildPhase;
			buildActionMask = 2147483647;
			files = (
			);
			inputPaths = (
				"${PODS_PODFILE_DIR_PATH}/Podfile.lock",
				"${PODS_ROOT}/Manifest.lock",
			);
			name = "[CP] Check Pods Manifest.lock";
			outputPaths = (
				"$(DERIVED_FILE_DIR)/Pods-BLEHelper-checkManifestLockResult.txt",
			);
			runOnlyForDeploymentPostprocessing = 0;
			shellPath = /bin/sh;
			shellScript = "diff \"${PODS_PODFILE_DIR_PATH}/Podfile.lock\" \"${PODS_ROOT}/Manifest.lock\" > /dev/null\nif [ $? != 0 ] ; then\n    # print error to STDERR\n    echo \"error: The sandbox is not in sync with the Podfile.lock. Run 'pod install' or update your CocoaPods installation.\" >&2\n    exit 1\nfi\n# This output is used by Xcode 'outputs' to avoid re-running this script phase.\necho \"SUCCESS\" > \"${SCRIPT_OUTPUT_FILE_0}\"\n";
			showEnvVarsInLog = 0;
		};
/* End PBXShellScriptBuildPhase section */

/* Begin PBXSourcesBuildPhase section */
		7B88EEA61E025AC200CE0A66 /* Sources */ = {
			isa = PBXSourcesBuildPhase;
			buildActionMask = 2147483647;
			files = (
				D079CF8F21CA9D7700EFA91C /* DLMBlueTooth.m in Sources */,
				D079CF9021CA9D7700EFA91C /* Tools.m in Sources */,
				7B88EEB51E025AC200CE0A66 /* ViewController.m in Sources */,
				7B88EEB21E025AC200CE0A66 /* AppDelegate.m in Sources */,
				D079CF9121CA9D7700EFA91C /* BlueToothManager.m in Sources */,
				7B88EEAF1E025AC200CE0A66 /* main.m in Sources */,
			);
			runOnlyForDeploymentPostprocessing = 0;
		};
		7B88EEBF1E025AC200CE0A66 /* Sources */ = {
			isa = PBXSourcesBuildPhase;
			buildActionMask = 2147483647;
			files = (
				7B88EEC81E025AC200CE0A66 /* BLEHelperTests.m in Sources */,
			);
			runOnlyForDeploymentPostprocessing = 0;
		};
		7B88EECA1E025AC200CE0A66 /* Sources */ = {
			isa = PBXSourcesBuildPhase;
			buildActionMask = 2147483647;
			files = (
				7B88EED31E025AC200CE0A66 /* BLEHelperUITests.m in Sources */,
			);
			runOnlyForDeploymentPostprocessing = 0;
		};
/* End PBXSourcesBuildPhase section */

/* Begin PBXTargetDependency section */
		7B88EEC51E025AC200CE0A66 /* PBXTargetDependency */ = {
			isa = PBXTargetDependency;
			target = 7B88EEA91E025AC200CE0A66 /* BLEHelper */;
			targetProxy = 7B88EEC41E025AC200CE0A66 /* PBXContainerItemProxy */;
		};
		7B88EED01E025AC200CE0A66 /* PBXTargetDependency */ = {
			isa = PBXTargetDependency;
			target = 7B88EEA91E025AC200CE0A66 /* BLEHelper */;
			targetProxy = 7B88EECF1E025AC200CE0A66 /* PBXContainerItemProxy */;
		};
/* End PBXTargetDependency section */

/* Begin PBXVariantGroup section */
		7B88EEB61E025AC200CE0A66 /* Main.storyboard */ = {
			isa = PBXVariantGroup;
			children = (
				7B88EEB71E025AC200CE0A66 /* Base */,
			);
			name = Main.storyboard;
			sourceTree = "<group>";
		};
		7B88EEBB1E025AC200CE0A66 /* LaunchScreen.storyboard */ = {
			isa = PBXVariantGroup;
			children = (
				7B88EEBC1E025AC200CE0A66 /* Base */,
			);
			name = LaunchScreen.storyboard;
			sourceTree = "<group>";
		};
/* End PBXVariantGroup section */

/* Begin XCBuildConfiguration section */
		7B88EED51E025AC200CE0A66 /* Debug */ = {
			isa = XCBuildConfiguration;
			buildSettings = {
				ALWAYS_SEARCH_USER_PATHS = NO;
				CLANG_ANALYZER_NONNULL = YES;
				CLANG_CXX_LANGUAGE_STANDARD = "gnu++0x";
				CLANG_CXX_LIBRARY = "libc++";
				CLANG_ENABLE_MODULES = YES;
				CLANG_ENABLE_OBJC_ARC = YES;
				CLANG_WARN_BOOL_CONVERSION = YES;
				CLANG_WARN_CONSTANT_CONVERSION = YES;
				CLANG_WARN_DIRECT_OBJC_ISA_USAGE = YES_ERROR;
				CLANG_WARN_DOCUMENTATION_COMMENTS = YES;
				CLANG_WARN_EMPTY_BODY = YES;
				CLANG_WARN_ENUM_CONVERSION = YES;
				CLANG_WARN_INFINITE_RECURSION = YES;
				CLANG_WARN_INT_CONVERSION = YES;
				CLANG_WARN_OBJC_ROOT_CLASS = YES_ERROR;
				CLANG_WARN_SUSPICIOUS_MOVES = YES;
				CLANG_WARN_UNREACHABLE_CODE = YES;
				CLANG_WARN__DUPLICATE_METHOD_MATCH = YES;
				"CODE_SIGN_IDENTITY[sdk=iphoneos*]" = "iPhone Developer";
				COPY_PHASE_STRIP = NO;
				DEBUG_INFORMATION_FORMAT = dwarf;
				ENABLE_STRICT_OBJC_MSGSEND = YES;
				ENABLE_TESTABILITY = YES;
				GCC_C_LANGUAGE_STANDARD = gnu99;
				GCC_DYNAMIC_NO_PIC = NO;
				GCC_NO_COMMON_BLOCKS = YES;
				GCC_OPTIMIZATION_LEVEL = 0;
				GCC_PREPROCESSOR_DEFINITIONS = (
					"DEBUG=1",
					"$(inherited)",
				);
				GCC_WARN_64_TO_32_BIT_CONVERSION = YES;
				GCC_WARN_ABOUT_RETURN_TYPE = YES_ERROR;
				GCC_WARN_UNDECLARED_SELECTOR = YES;
				GCC_WARN_UNINITIALIZED_AUTOS = YES_AGGRESSIVE;
				GCC_WARN_UNUSED_FUNCTION = YES;
				GCC_WARN_UNUSED_VARIABLE = YES;
				IPHONEOS_DEPLOYMENT_TARGET = 10.1;
				MTL_ENABLE_DEBUG_INFO = YES;
				ONLY_ACTIVE_ARCH = YES;
				SDKROOT = iphoneos;
				TARGETED_DEVICE_FAMILY = "1,2";
			};
			name = Debug;
		};
		7B88EED61E025AC200CE0A66 /* Release */ = {
			isa = XCBuildConfiguration;
			buildSettings = {
				ALWAYS_SEARCH_USER_PATHS = NO;
				CLANG_ANALYZER_NONNULL = YES;
				CLANG_CXX_LANGUAGE_STANDARD = "gnu++0x";
				CLANG_CXX_LIBRARY = "libc++";
				CLANG_ENABLE_MODULES = YES;
				CLANG_ENABLE_OBJC_ARC = YES;
				CLANG_WARN_BOOL_CONVERSION = YES;
				CLANG_WARN_CONSTANT_CONVERSION = YES;
				CLANG_WARN_DIRECT_OBJC_ISA_USAGE = YES_ERROR;
				CLANG_WARN_DOCUMENTATION_COMMENTS = YES;
				CLANG_WARN_EMPTY_BODY = YES;
				CLANG_WARN_ENUM_CONVERSION = YES;
				CLANG_WARN_INFINITE_RECURSION = YES;
				CLANG_WARN_INT_CONVERSION = YES;
				CLANG_WARN_OBJC_ROOT_CLASS = YES_ERROR;
				CLANG_WARN_SUSPICIOUS_MOVES = YES;
				CLANG_WARN_UNREACHABLE_CODE = YES;
				CLANG_WARN__DUPLICATE_METHOD_MATCH = YES;
				"CODE_SIGN_IDENTITY[sdk=iphoneos*]" = "iPhone Developer";
				COPY_PHASE_STRIP = NO;
				DEBUG_INFORMATION_FORMAT = "dwarf-with-dsym";
				ENABLE_NS_ASSERTIONS = NO;
				ENABLE_STRICT_OBJC_MSGSEND = YES;
				GCC_C_LANGUAGE_STANDARD = gnu99;
				GCC_NO_COMMON_BLOCKS = YES;
				GCC_WARN_64_TO_32_BIT_CONVERSION = YES;
				GCC_WARN_ABOUT_RETURN_TYPE = YES_ERROR;
				GCC_WARN_UNDECLARED_SELECTOR = YES;
				GCC_WARN_UNINITIALIZED_AUTOS = YES_AGGRESSIVE;
				GCC_WARN_UNUSED_FUNCTION = YES;
				GCC_WARN_UNUSED_VARIABLE = YES;
				IPHONEOS_DEPLOYMENT_TARGET = 10.1;
				MTL_ENABLE_DEBUG_INFO = NO;
				SDKROOT = iphoneos;
				TARGETED_DEVICE_FAMILY = "1,2";
				VALIDATE_PRODUCT = YES;
			};
			name = Release;
		};
		7B88EED81E025AC200CE0A66 /* Debug */ = {
			isa = XCBuildConfiguration;
			baseConfigurationReference = 87BFB1ECB72D04FE7FC67709 /* Pods-BLEHelper.debug.xcconfig */;
			buildSettings = {
				ASSETCATALOG_COMPILER_APPICON_NAME = AppIcon;
				DEVELOPMENT_TEAM = L8MRL9B64V;
				INFOPLIST_FILE = BLEHelper/Info.plist;
				LD_RUNPATH_SEARCH_PATHS = "$(inherited) @executable_path/Frameworks";
				PRODUCT_BUNDLE_IDENTIFIER = DeLin.Meng.BLEHelper;
				PRODUCT_NAME = "$(TARGET_NAME)";
			};
			name = Debug;
		};
		7B88EED91E025AC200CE0A66 /* Release */ = {
			isa = XCBuildConfiguration;
			baseConfigurationReference = 854356D6425B6CA188C9811D /* Pods-BLEHelper.release.xcconfig */;
			buildSettings = {
				ASSETCATALOG_COMPILER_APPICON_NAME = AppIcon;
				DEVELOPMENT_TEAM = L8MRL9B64V;
				INFOPLIST_FILE = BLEHelper/Info.plist;
				LD_RUNPATH_SEARCH_PATHS = "$(inherited) @executable_path/Frameworks";
				PRODUCT_BUNDLE_IDENTIFIER = DeLin.Meng.BLEHelper;
				PRODUCT_NAME = "$(TARGET_NAME)";
			};
			name = Release;
		};
		7B88EEDB1E025AC200CE0A66 /* Debug */ = {
			isa = XCBuildConfiguration;
			buildSettings = {
				BUNDLE_LOADER = "$(TEST_HOST)";
				DEVELOPMENT_TEAM = R5VZ6445Z8;
				INFOPLIST_FILE = BLEHelperTests/Info.plist;
				LD_RUNPATH_SEARCH_PATHS = "$(inherited) @executable_path/Frameworks @loader_path/Frameworks";
				PRODUCT_BUNDLE_IDENTIFIER = DeLin.Meng.BLEHelperTests;
				PRODUCT_NAME = "$(TARGET_NAME)";
				TEST_HOST = "$(BUILT_PRODUCTS_DIR)/BLEHelper.app/BLEHelper";
			};
			name = Debug;
		};
		7B88EEDC1E025AC200CE0A66 /* Release */ = {
			isa = XCBuildConfiguration;
			buildSettings = {
				BUNDLE_LOADER = "$(TEST_HOST)";
				DEVELOPMENT_TEAM = R5VZ6445Z8;
				INFOPLIST_FILE = BLEHelperTests/Info.plist;
				LD_RUNPATH_SEARCH_PATHS = "$(inherited) @executable_path/Frameworks @loader_path/Frameworks";
				PRODUCT_BUNDLE_IDENTIFIER = DeLin.Meng.BLEHelperTests;
				PRODUCT_NAME = "$(TARGET_NAME)";
				TEST_HOST = "$(BUILT_PRODUCTS_DIR)/BLEHelper.app/BLEHelper";
			};
			name = Release;
		};
		7B88EEDE1E025AC200CE0A66 /* Debug */ = {
			isa = XCBuildConfiguration;
			buildSettings = {
				DEVELOPMENT_TEAM = R5VZ6445Z8;
				INFOPLIST_FILE = BLEHelperUITests/Info.plist;
				LD_RUNPATH_SEARCH_PATHS = "$(inherited) @executable_path/Frameworks @loader_path/Frameworks";
				PRODUCT_BUNDLE_IDENTIFIER = DeLin.Meng.BLEHelperUITests;
				PRODUCT_NAME = "$(TARGET_NAME)";
				TEST_TARGET_NAME = BLEHelper;
			};
			name = Debug;
		};
		7B88EEDF1E025AC200CE0A66 /* Release */ = {
			isa = XCBuildConfiguration;
			buildSettings = {
				DEVELOPMENT_TEAM = R5VZ6445Z8;
				INFOPLIST_FILE = BLEHelperUITests/Info.plist;
				LD_RUNPATH_SEARCH_PATHS = "$(inherited) @executable_path/Frameworks @loader_path/Frameworks";
				PRODUCT_BUNDLE_IDENTIFIER = DeLin.Meng.BLEHelperUITests;
				PRODUCT_NAME = "$(TARGET_NAME)";
				TEST_TARGET_NAME = BLEHelper;
			};
			name = Release;
		};
/* End XCBuildConfiguration section */

/* Begin XCConfigurationList section */
		7B88EEA51E025AC200CE0A66 /* Build configuration list for PBXProject "BLEHelper" */ = {
			isa = XCConfigurationList;
			buildConfigurations = (
				7B88EED51E025AC200CE0A66 /* Debug */,
				7B88EED61E025AC200CE0A66 /* Release */,
			);
			defaultConfigurationIsVisible = 0;
			defaultConfigurationName = Release;
		};
		7B88EED71E025AC200CE0A66 /* Build configuration list for PBXNativeTarget "BLEHelper" */ = {
			isa = XCConfigurationList;
			buildConfigurations = (
				7B88EED81E025AC200CE0A66 /* Debug */,
				7B88EED91E025AC200CE0A66 /* Release */,
			);
			defaultConfigurationIsVisible = 0;
			defaultConfigurationName = Release;
		};
		7B88EEDA1E025AC200CE0A66 /* Build configuration list for PBXNativeTarget "BLEHelperTests" */ = {
			isa = XCConfigurationList;
			buildConfigurations = (
				7B88EEDB1E025AC200CE0A66 /* Debug */,
				7B88EEDC1E025AC200CE0A66 /* Release */,
			);
			defaultConfigurationIsVisible = 0;
			defaultConfigurationName = Release;
		};
		7B88EEDD1E025AC200CE0A66 /* Build configuration list for PBXNativeTarget "BLEHelperUITests" */ = {
			isa = XCConfigurationList;
			buildConfigurations = (
				7B88EEDE1E025AC200CE0A66 /* Debug */,
				7B88EEDF1E025AC200CE0A66 /* Release */,
			);
			defaultConfigurationIsVisible = 0;
			defaultConfigurationName = Release;
		};
/* End XCConfigurationList section */
	};
	rootObject = 7B88EEA21E025AC200CE0A66 /* Project object */;
}
